
Microsoft Visual Studio Solution File, Format Version 12.00
# Visual Studio Version 18
VisualStudioVersion = 18.8.12009.203
MinimumVisualStudioVersion = 10.0.40219.1
Project("{2150E333-8FDC-42A3-9474-1A3956D46DE8}") = "src", "src", "{827E0CD3-B72D-47B6-A68D-7590B98EB39B}"
EndProject
Project("{FAE04EC0-301F-11D3-BF4B-00C04F79EFBC}") = "MohamedTransit.Domain", "src\MohamedTransit.Domain\MohamedTransit.Domain.csproj", "{925519BE-03FB-4572-9D20-F1C2F047D9B9}"
EndProject
Project("{FAE04EC0-301F-11D3-BF4B-00C04F79EFBC}") = "MohamedTransit.Application", "src\MohamedTransit.Application\MohamedTransit.Application.csproj", "{6E2F5105-D74C-4DC3-9A5A-ECD6D4C2B4E2}"
EndProject
Project("{FAE04EC0-301F-11D3-BF4B-00C04F79EFBC}") = "MohamedTransit.API", "src\MohamedTransit.API\MohamedTransit.API.csproj", "{B2232FC3-DE94-4992-B79E-87366FB8944E}"
EndProject
Project("{2150E333-8FDC-42A3-9474-1A3956D46DE8}") = "tests", "tests", "{0AB3BF05-4346-4AA6-1389-037BE0695223}"
EndProject
Project("{FAE04EC0-301F-11D3-BF4B-00C04F79EFBC}") = "MohamedTransit.UnitTests", "tests\MohamedTransit.UnitTests\MohamedTransit.UnitTests.csproj", "{03D24582-9006-41A1-A013-2D2EE816DC93}"
EndProject
Project("{FAE04EC0-301F-11D3-BF4B-00C04F79EFBC}") = "MohamedTransit.IntegrationTests", "tests\MohamedTransit.IntegrationTests\MohamedTransit.IntegrationTests.csproj", "{7DDE0275-0962-4AB8-9DC9-1693A9C53126}"
EndProject
Project("{FAE04EC0-301F-11D3-BF4B-00C04F79EFBC}") = "MohamedTransit.ArchitectureTests", "tests\MohamedTransit.ArchitectureTests\MohamedTransit.ArchitectureTests.csproj", "{49067137-D808-455B-B697-B33978FBB40F}"
EndProject
Project("{2150E333-8FDC-42A3-9474-1A3956D46DE8}") = "Solution Items", "Solution Items", "{7D0AD491-B2BA-4C7E-B39F-8F40D02C286B}"
	ProjectSection(SolutionItems) = preProject
		.editorconfig = .editorconfig
	EndProjectSection
EndProject
Global
	GlobalSection(SolutionConfigurationPlatforms) = preSolution
		Debug|Any CPU = Debug|Any CPU
		Debug|x64 = Debug|x64
		Debug|x86 = Debug|x86
		Release|Any CPU = Release|Any CPU
		Release|x64 = Release|x64
		Release|x86 = Release|x86
	EndGlobalSection
	GlobalSection(ProjectConfigurationPlatforms) = postSolution
		{925519BE-03FB-4572-9D20-F1C2F047D9B9}.Debug|Any CPU.ActiveCfg = Debug|Any CPU
		{925519BE-03FB-4572-9D20-F1C2F047D9B9}.Debug|Any CPU.Build.0 = Debug|Any CPU
		{925519BE-03FB-4572-9D20-F1C2F047D9B9}.Debug|x64.ActiveCfg = Debug|Any CPU
		{925519BE-03FB-4572-9D20-F1C2F047D9B9}.Debug|x64.Build.0 = Debug|Any CPU
		{925519BE-03FB-4572-9D20-F1C2F047D9B9}.Debug|x86.ActiveCfg = Debug|Any CPU
		{925519BE-03FB-4572-9D20-F1C2F047D9B9}.Debug|x86.Build.0 = Debug|Any CPU
		{925519BE-03FB-4572-9D20-F1C2F047D9B9}.Release|Any CPU.ActiveCfg = Release|Any CPU
		{925519BE-03FB-4572-9D20-F1C2F047D9B9}.Release|Any CPU.Build.0 = Release|Any CPU
		{925519BE-03FB-4572-9D20-F1C2F047D9B9}.Release|x64.ActiveCfg = Release|Any CPU
		{925519BE-03FB-4572-9D20-F1C2F047D9B9}.Release|x64.Build.0 = Release|Any CPU
		{925519BE-03FB-4572-9D20-F1C2F047D9B9}.Release|x86.ActiveCfg = Release|Any CPU
		{925519BE-03FB-4572-9D20-F1C2F047D9B9}.Release|x86.Build.0 = Release|Any CPU
		{6E2F5105-D74C-4DC3-9A5A-ECD6D4C2B4E2}.Debug|Any CPU.ActiveCfg = Debug|Any CPU
		{6E2F5105-D74C-4DC3-9A5A-ECD6D4C2B4E2}.Debug|Any CPU.Build.0 = Debug|Any CPU
		{6E2F5105-D74C-4DC3-9A5A-ECD6D4C2B4E2}.Debug|x64.ActiveCfg = Debug|Any CPU
		{6E2F5105-D74C-4DC3-9A5A-ECD6D4C2B4E2}.Debug|x64.Build.0 = Debug|Any CPU
		{6E2F5105-D74C-4DC3-9A5A-ECD6D4C2B4E2}.Debug|x86.ActiveCfg = Debug|Any CPU
		{6E2F5105-D74C-4DC3-9A5A-ECD6D4C2B4E2}.Debug|x86.Build.0 = Debug|Any CPU
		{6E2F5105-D74C-4DC3-9A5A-ECD6D4C2B4E2}.Release|Any CPU.ActiveCfg = Release|Any CPU
		{6E2F5105-D74C-4DC3-9A5A-ECD6D4C2B4E2}.Release|Any CPU.Build.0 = Release|Any CPU
		{6E2F5105-D74C-4DC3-9A5A-ECD6D4C2B4E2}.Release|x64.ActiveCfg = Release|Any CPU
		{6E2F5105-D74C-4DC3-9A5A-ECD6D4C2B4E2}.Release|x64.Build.0 = Release|Any CPU
		{6E2F5105-D74C-4DC3-9A5A-ECD6D4C2B4E2}.Release|x86.ActiveCfg = Release|Any CPU
		{6E2F5105-D74C-4DC3-9A5A-ECD6D4C2B4E2}.Release|x86.Build.0 = Release|Any CPU
		{B2232FC3-DE94-4992-B79E-87366FB8944E}.Debug|Any CPU.ActiveCfg = Debug|Any CPU
		{B2232FC3-DE94-4992-B79E-87366FB8944E}.Debug|Any CPU.Build.0 = Debug|Any CPU
		{B2232FC3-DE94-4992-B79E-87366FB8944E}.Debug|x64.ActiveCfg = Debug|Any CPU
		{B2232FC3-DE94-4992-B79E-87366FB8944E}.Debug|x64.Build.0 = Debug|Any CPU
		{B2232FC3-DE94-4992-B79E-87366FB8944E}.Debug|x86.ActiveCfg = Debug|Any CPU
		{B2232FC3-DE94-4992-B79E-87366FB8944E}.Debug|x86.Build.0 = Debug|Any CPU
		{B2232FC3-DE94-4992-B79E-87366FB8944E}.Release|Any CPU.ActiveCfg = Release|Any CPU
		{B2232FC3-DE94-4992-B79E-87366FB8944E}.Release|Any CPU.Build.0 = Release|Any CPU
		{B2232FC3-DE94-4992-B79E-87366FB8944E}.Release|x64.ActiveCfg = Release|Any CPU
		{B2232FC3-DE94-4992-B79E-87366FB8944E}.Release|x64.Build.0 = Release|Any CPU
		{B2232FC3-DE94-4992-B79E-87366FB8944E}.Release|x86.ActiveCfg = Release|Any CPU
		{B2232FC3-DE94-4992-B79E-87366FB8944E}.Release|x86.Build.0 = Release|Any CPU
		{03D24582-9006-41A1-A013-2D2EE816DC93}.Debug|Any CPU.ActiveCfg = Debug|Any CPU
		{03D24582-9006-41A1-A013-2D2EE816DC93}.Debug|Any CPU.Build.0 = Debug|Any CPU
		{03D24582-9006-41A1-A013-2D2EE816DC93}.Debug|x64.ActiveCfg = Debug|Any CPU
		{03D24582-9006-41A1-A013-2D2EE816DC93}.Debug|x64.Build.0 = Debug|Any CPU
		{03D24582-9006-41A1-A013-2D2EE816DC93}.Debug|x86.ActiveCfg = Debug|Any CPU
		{03D24582-9006-41A1-A013-2D2EE816DC93}.Debug|x86.Build.0 = Debug|Any CPU
		{03D24582-9006-41A1-A013-2D2EE816DC93}.Release|Any CPU.ActiveCfg = Release|Any CPU
		{03D24582-9006-41A1-A013-2D2EE816DC93}.Release|Any CPU.Build.0 = Release|Any CPU
		{03D24582-9006-41A1-A013-2D2EE816DC93}.Release|x64.ActiveCfg = Release|Any CPU
		{03D24582-9006-41A1-A013-2D2EE816DC93}.Release|x64.Build.0 = Release|Any CPU
		{03D24582-9006-41A1-A013-2D2EE816DC93}.Release|x86.ActiveCfg = Release|Any CPU
		{03D24582-9006-41A1-A013-2D2EE816DC93}.Release|x86.Build.0 = Release|Any CPU
		{7DDE0275-0962-4AB8-9DC9-1693A9C53126}.Debug|Any CPU.ActiveCfg = Debug|Any CPU
		{7DDE0275-0962-4AB8-9DC9-1693A9C53126}.Debug|Any CPU.Build.0 = Debug|Any CPU
		{7DDE0275-0962-4AB8-9DC9-1693A9C53126}.Debug|x64.ActiveCfg = Debug|Any CPU
		{7DDE0275-0962-4AB8-9DC9-1693A9C53126}.Debug|x64.Build.0 = Debug|Any CPU
		{7DDE0275-0962-4AB8-9DC9-1693A9C53126}.Debug|x86.ActiveCfg = Debug|Any CPU
		{7DDE0275-0962-4AB8-9DC9-1693A9C53126}.Debug|x86.Build.0 = Debug|Any CPU
		{7DDE0275-0962-4AB8-9DC9-1693A9C53126}.Release|Any CPU.ActiveCfg = Release|Any CPU
		{7DDE0275-0962-4AB8-9DC9-1693A9C53126}.Release|Any CPU.Build.0 = Release|Any CPU
		{7DDE0275-0962-4AB8-9DC9-1693A9C53126}.Release|x64.ActiveCfg = Release|Any CPU
		{7DDE0275-0962-4AB8-9DC9-1693A9C53126}.Release|x64.Build.0 = Release|Any CPU
		{7DDE0275-0962-4AB8-9DC9-1693A9C53126}.Release|x86.ActiveCfg = Release|Any CPU
		{7DDE0275-0962-4AB8-9DC9-1693A9C53126}.Release|x86.Build.0 = Release|Any CPU
		{49067137-D808-455B-B697-B33978FBB40F}.Debug|Any CPU.ActiveCfg = Debug|Any CPU
		{49067137-D808-455B-B697-B33978FBB40F}.Debug|Any CPU.Build.0 = Debug|Any CPU
		{49067137-D808-455B-B697-B33978FBB40F}.Debug|x64.ActiveCfg = Debug|Any CPU
		{49067137-D808-455B-B697-B33978FBB40F}.Debug|x64.Build.0 = Debug|Any CPU
		{49067137-D808-455B-B697-B33978FBB40F}.Debug|x86.ActiveCfg = Debug|Any CPU
		{49067137-D808-455B-B697-B33978FBB40F}.Debug|x86.Build.0 = Debug|Any CPU
		{49067137-D808-455B-B697-B33978FBB40F}.Release|Any CPU.ActiveCfg = Release|Any CPU
		{49067137-D808-455B-B697-B33978FBB40F}.Release|Any CPU.Build.0 = Release|Any CPU
		{49067137-D808-455B-B697-B33978FBB40F}.Release|x64.ActiveCfg = Release|Any CPU
		{49067137-D808-455B-B697-B33978FBB40F}.Release|x64.Build.0 = Release|Any CPU
		{49067137-D808-455B-B697-B33978FBB40F}.Release|x86.ActiveCfg = Release|Any CPU
		{49067137-D808-455B-B697-B33978FBB40F}.Release|x86.Build.0 = Release|Any CPU
	EndGlobalSection
	GlobalSection(SolutionProperties) = preSolution
		HideSolutionNode = FALSE
	EndGlobalSection
	GlobalSection(NestedProjects) = preSolution
		{925519BE-03FB-4572-9D20-F1C2F047D9B9} = {827E0CD3-B72D-47B6-A68D-7590B98EB39B}
		{6E2F5105-D74C-4DC3-9A5A-ECD6D4C2B4E2} = {827E0CD3-B72D-47B6-A68D-7590B98EB39B}
		{B2232FC3-DE94-4992-B79E-87366FB8944E} = {827E0CD3-B72D-47B6-A68D-7590B98EB39B}
		{03D24582-9006-41A1-A013-2D2EE816DC93} = {0AB3BF05-4346-4AA6-1389-037BE0695223}
		{7DDE0275-0962-4AB8-9DC9-1693A9C53126} = {0AB3BF05-4346-4AA6-1389-037BE0695223}
		{49067137-D808-455B-B697-B33978FBB40F} = {0AB3BF05-4346-4AA6-1389-037BE0695223}
	EndGlobalSection
	GlobalSection(ExtensibilityGlobals) = postSolution
		SolutionGuid = {63DF68C1-51AE-48E4-9BD5-E1E57AF13A4D}
	EndGlobalSection
EndGlobal
